# This file is autogenerated, do not edit; changes may be undone by the next 'dep ensure'.


[[projects]]
  name = "github.com/joho/godotenv"
  packages = [
    ".",
    "autoload"
  ]
  revision = "a79fa1e548e2c689c241d10173efd51e5d689d5b"
  version = "v1.2.0"

[[projects]]
  branch = "master"
  name = "github.com/kurrik/oauth1a"
  packages = ["."]
  revision = "cb1b80e32dd4385099f8d09312e4bcf6bdc993ec"

[[projects]]
  branch = "master"
  name = "github.com/kurrik/twittergo"
  packages = ["."]
  revision = "03842ffa4d870fed145b50fd378fd34e87ceca20"

[solve-meta]
  analyzer-name = "dep"
  analyzer-version = 1
  inputs-digest = "e77215183343ee829b9579fa7e671cb411cf06bf1bd4f1a826645e483f573abc"
  solver-name = "gps-cdcl"
  solver-version = 1
